{
    "version": 3,
    "terraform_version": "0.11.0",
    "serial": 2,
    "lineage": "4e45d6d2-9472-4338-98b2-6c0eb7978ff9",
    "modules": [
        {
            "path": [
                "root"
            ],
            "outputs": {
                "master_addresses": {
                    "sensitive": false,
                    "type": "string",
                    "value": "13.57.181.14"
                },
                "worker1_addresses": {
                    "sensitive": false,
                    "type": "string",
                    "value": "54.193.73.86"
                },
                "worker2_addresses": {
                    "sensitive": false,
                    "type": "string",
                    "value": "54.193.15.193"
                }
            },
            "resources": {
                "aws_instance.master": {
                    "type": "aws_instance",
                    "depends_on": [],
                    "primary": {
                        "id": "i-0d1cc8500d7460db3",
                        "attributes": {
                            "ami": "ami-07585467",
                            "associate_public_ip_address": "true",
                            "availability_zone": "us-west-1c",
                            "disable_api_termination": "false",
                            "ebs_block_device.#": "0",
                            "ebs_optimized": "false",
                            "ephemeral_block_device.#": "0",
                            "iam_instance_profile": "",
                            "id": "i-0d1cc8500d7460db3",
                            "instance_state": "running",
                            "instance_type": "t2.micro",
                            "ipv6_addresses.#": "0",
                            "key_name": "vish",
                            "monitoring": "false",
                            "network_interface.#": "0",
                            "network_interface_id": "eni-5ccc8959",
                            "placement_group": "",
                            "primary_network_interface_id": "eni-5ccc8959",
                            "private_dns": "ip-172-31-6-111.us-west-1.compute.internal",
                            "private_ip": "172.31.6.111",
                            "public_dns": "ec2-13-57-181-14.us-west-1.compute.amazonaws.com",
                            "public_ip": "13.57.181.14",
                            "root_block_device.#": "1",
                            "root_block_device.0.delete_on_termination": "true",
                            "root_block_device.0.iops": "100",
                            "root_block_device.0.volume_id": "vol-0629d14884f334d6a",
                            "root_block_device.0.volume_size": "8",
                            "root_block_device.0.volume_type": "gp2",
                            "security_groups.#": "1",
                            "security_groups.4281841724": "vishal",
                            "source_dest_check": "true",
                            "subnet_id": "subnet-1505774c",
                            "tags.%": "1",
                            "tags.Name": "master",
                            "tenancy": "default",
                            "volume_tags.%": "0",
                            "vpc_security_group_ids.#": "1",
                            "vpc_security_group_ids.1485239648": "sg-0092c279"
                        },
                        "meta": {
                            "e2bfb730-ecaa-11e6-8f88-34363bc7c4c0": {
                                "create": 600000000000,
                                "delete": 1200000000000,
                                "update": 600000000000
                            },
                            "schema_version": "1"
                        },
                        "tainted": false
                    },
                    "deposed": [],
                    "provider": "provider.aws"
                },
                "aws_instance.worker1": {
                    "type": "aws_instance",
                    "depends_on": [
                        "aws_instance.master"
                    ],
                    "primary": {
                        "id": "i-00a5f9c7ccd36295d",
                        "attributes": {
                            "ami": "ami-07585467",
                            "associate_public_ip_address": "true",
                            "availability_zone": "us-west-1c",
                            "disable_api_termination": "false",
                            "ebs_block_device.#": "0",
                            "ebs_optimized": "false",
                            "ephemeral_block_device.#": "0",
                            "iam_instance_profile": "",
                            "id": "i-00a5f9c7ccd36295d",
                            "instance_state": "running",
                            "instance_type": "t2.micro",
                            "ipv6_addresses.#": "0",
                            "key_name": "vish",
                            "monitoring": "false",
                            "network_interface.#": "0",
                            "network_interface_id": "eni-11c98c14",
                            "placement_group": "",
                            "primary_network_interface_id": "eni-11c98c14",
                            "private_dns": "ip-172-31-13-136.us-west-1.compute.internal",
                            "private_ip": "172.31.13.136",
                            "public_dns": "ec2-54-193-73-86.us-west-1.compute.amazonaws.com",
                            "public_ip": "54.193.73.86",
                            "root_block_device.#": "1",
                            "root_block_device.0.delete_on_termination": "true",
                            "root_block_device.0.iops": "100",
                            "root_block_device.0.volume_id": "vol-037120295a3605f6e",
                            "root_block_device.0.volume_size": "8",
                            "root_block_device.0.volume_type": "gp2",
                            "security_groups.#": "1",
                            "security_groups.4281841724": "vishal",
                            "source_dest_check": "true",
                            "subnet_id": "subnet-1505774c",
                            "tags.%": "1",
                            "tags.Name": "worker1",
                            "tenancy": "default",
                            "volume_tags.%": "0",
                            "vpc_security_group_ids.#": "1",
                            "vpc_security_group_ids.1485239648": "sg-0092c279"
                        },
                        "meta": {
                            "e2bfb730-ecaa-11e6-8f88-34363bc7c4c0": {
                                "create": 600000000000,
                                "delete": 1200000000000,
                                "update": 600000000000
                            },
                            "schema_version": "1"
                        },
                        "tainted": false
                    },
                    "deposed": [],
                    "provider": "provider.aws"
                },
                "aws_instance.worker2": {
                    "type": "aws_instance",
                    "depends_on": [
                        "aws_instance.master"
                    ],
                    "primary": {
                        "id": "i-02e37b12ad3b9f1b8",
                        "attributes": {
                            "ami": "ami-07585467",
                            "associate_public_ip_address": "true",
                            "availability_zone": "us-west-1c",
                            "disable_api_termination": "false",
                            "ebs_block_device.#": "0",
                            "ebs_optimized": "false",
                            "ephemeral_block_device.#": "0",
                            "iam_instance_profile": "",
                            "id": "i-02e37b12ad3b9f1b8",
                            "instance_state": "running",
                            "instance_type": "t2.micro",
                            "ipv6_addresses.#": "0",
                            "key_name": "vish",
                            "monitoring": "false",
                            "network_interface.#": "0",
                            "network_interface_id": "eni-0cca8f09",
                            "placement_group": "",
                            "primary_network_interface_id": "eni-0cca8f09",
                            "private_dns": "ip-172-31-12-57.us-west-1.compute.internal",
                            "private_ip": "172.31.12.57",
                            "public_dns": "ec2-54-193-15-193.us-west-1.compute.amazonaws.com",
                            "public_ip": "54.193.15.193",
                            "root_block_device.#": "1",
                            "root_block_device.0.delete_on_termination": "true",
                            "root_block_device.0.iops": "100",
                            "root_block_device.0.volume_id": "vol-09fa400190fa96759",
                            "root_block_device.0.volume_size": "8",
                            "root_block_device.0.volume_type": "gp2",
                            "security_groups.#": "1",
                            "security_groups.4281841724": "vishal",
                            "source_dest_check": "true",
                            "subnet_id": "subnet-1505774c",
                            "tags.%": "1",
                            "tags.Name": "worker2",
                            "tenancy": "default",
                            "volume_tags.%": "0",
                            "vpc_security_group_ids.#": "1",
                            "vpc_security_group_ids.1485239648": "sg-0092c279"
                        },
                        "meta": {
                            "e2bfb730-ecaa-11e6-8f88-34363bc7c4c0": {
                                "create": 600000000000,
                                "delete": 1200000000000,
                                "update": 600000000000
                            },
                            "schema_version": "1"
                        },
                        "tainted": false
                    },
                    "deposed": [],
                    "provider": "provider.aws"
                }
            },
            "depends_on": []
        }
    ]
}
